<?xml version="1.0" encoding="utf-8"?>
<Project ToolsVersion="4.0" xmlns="http://schemas.microsoft.com/developer/msbuild/2003">
  <ItemGroup>
    <Filter Include="KamataEngine">
      <UniqueIdentifier>{4FC737F1-C7A5-4376-A066-2A32D752A2FF}</UniqueIdentifier>
      <Extensions>cpp;c;cc;cxx;c++;cppm;ixx;def;odl;idl;hpj;bat;asm;asmx</Extensions>
    </Filter>
    <Filter Include="KamataEngine\Source">
      <UniqueIdentifier>{d966e9f8-e880-44ae-8586-a08515e4cffc}</UniqueIdentifier>
    </Filter>
    <Filter Include="KamataEngine\Include">
      <UniqueIdentifier>{4aae4e40-94f7-4d32-9a91-c0c37a2edf0d}</UniqueIdentifier>
    </Filter>
    <Filter Include="KamataEngine\Adapter">
      <UniqueIdentifier>{c6468eb4-788b-4a83-b207-a5f4804e56c5}</UniqueIdentifier>
    </Filter>
    <Filter Include="Math">
      <UniqueIdentifier>{17d3eb00-cf52-499d-9306-00d0c74afe88}</UniqueIdentifier>
    </Filter>
    <Filter Include="Triangle">
      <UniqueIdentifier>{3dbd1ecb-524d-4ae9-8dec-29a11232ecd3}</UniqueIdentifier>
    </Filter>
    <Filter Include="Camera">
      <UniqueIdentifier>{182a0adf-40d7-4fd8-91cd-cf8203968345}</UniqueIdentifier>
    </Filter>
    <Filter Include="Line">
      <UniqueIdentifier>{03599905-e68a-4490-85ea-bbb06bdb3155}</UniqueIdentifier>
    </Filter>
    <Filter Include="Sphere">
      <UniqueIdentifier>{73d4f5b6-e52c-4712-9f94-2c14b9dbfa81}</UniqueIdentifier>
    </Filter>
    <Filter Include="Collision">
      <UniqueIdentifier>{b3892736-2d00-44fe-963e-72c6f614f64d}</UniqueIdentifier>
    </Filter>
    <Filter Include="Plane">
      <UniqueIdentifier>{5453e5e2-e9dc-432c-abdf-0391214fbdb3}</UniqueIdentifier>
    </Filter>
    <Filter Include="Point">
      <UniqueIdentifier>{35d98f8f-f830-4618-9e0d-f98e0d7b3027}</UniqueIdentifier>
    </Filter>
    <Filter Include="Box">
      <UniqueIdentifier>{f9443431-85f8-4fc3-abfe-2dda1ba299b4}</UniqueIdentifier>
    </Filter>
    <Filter Include="Bezier">
      <UniqueIdentifier>{9afe4ebd-77dc-417b-a5cc-ecd3b109ac14}</UniqueIdentifier>
    </Filter>
    <Filter Include="Spring">
      <UniqueIdentifier>{035ae518-77fe-4e8c-b030-3c9b18c7596c}</UniqueIdentifier>
    </Filter>
  </ItemGroup>
  <ItemGroup>
    <ClCompile Include="C:\KamataEngine\DirectXGame\base\DirectXCommon.cpp">
      <Filter>KamataEngine\Source</Filter>
    </ClCompile>
    <ClCompile Include="C:\KamataEngine\DirectXGame\base\TextureManager.cpp">
      <Filter>KamataEngine\Source</Filter>
    </ClCompile>
    <ClCompile Include="C:\KamataEngine\DirectXGame\scene\GameScene.cpp">
      <Filter>KamataEngine\Source</Filter>
    </ClCompile>
    <ClCompile Include="C:\KamataEngine\DirectXGame\base\WinApp.cpp">
      <Filter>KamataEngine\Source</Filter>
    </ClCompile>
    <ClCompile Include="main.cpp" />
    <ClCompile Include="C:\KamataEngine\Adapter\Novice.cpp">
      <Filter>KamataEngine\Adapter</Filter>
    </ClCompile>
    <ClCompile Include="C:\KamataEngine\DirectXGame\2d\ImGuiManager.cpp">
      <Filter>KamataEngine</Filter>
    </ClCompile>
    <ClCompile Include="C:\KamataEngine\DirectXGame\base\StringUtility.cpp">
      <Filter>KamataEngine\Source</Filter>
    </ClCompile>
    <ClCompile Include="Vector3Calculations.cpp">
      <Filter>Math</Filter>
    </ClCompile>
    <ClCompile Include="MatrixCalculations.cpp">
      <Filter>Math</Filter>
    </ClCompile>
    <ClCompile Include="Define.cpp">
      <Filter>KamataEngine</Filter>
    </ClCompile>
    <ClCompile Include="Triangle.cpp">
      <Filter>Triangle</Filter>
    </ClCompile>
    <ClCompile Include="Camera.cpp">
      <Filter>Camera</Filter>
    </ClCompile>
    <ClCompile Include="DrawGrid.cpp">
      <Filter>KamataEngine</Filter>
    </ClCompile>
    <ClCompile Include="Shape.cpp">
      <Filter>Line</Filter>
    </ClCompile>
    <ClCompile Include="Sphere.cpp">
      <Filter>Sphere</Filter>
    </ClCompile>
    <ClCompile Include="Collision.cpp">
      <Filter>Collision</Filter>
    </ClCompile>
    <ClCompile Include="Plane.cpp">
      <Filter>Plane</Filter>
    </ClCompile>
    <ClCompile Include="Point.cpp">
      <Filter>Point</Filter>
    </ClCompile>
    <ClCompile Include="Box.cpp">
      <Filter>Box</Filter>
    </ClCompile>
    <ClCompile Include="OBBbox.cpp">
      <Filter>Box</Filter>
    </ClCompile>
    <ClCompile Include="Lerp.cpp">
      <Filter>KamataEngine</Filter>
    </ClCompile>
    <ClCompile Include="Bezier.cpp">
      <Filter>Bezier</Filter>
    </ClCompile>
    <ClCompile Include="Arm.cpp">
      <Filter>KamataEngine</Filter>
    </ClCompile>
    <ClCompile Include="Draw.cpp">
      <Filter>KamataEngine</Filter>
    </ClCompile>
    <ClCompile Include="Matrix4x4Operator.cpp">
      <Filter>KamataEngine</Filter>
    </ClCompile>
    <ClCompile Include="Vector3Operator.cpp">
      <Filter>KamataEngine</Filter>
    </ClCompile>
    <ClCompile Include="SpringClass.cpp">
      <Filter>KamataEngine</Filter>
    </ClCompile>
  </ItemGroup>
  <ItemGroup>
    <ClInclude Include="C:\KamataEngine\DirectXGame\audio\Audio.h">
      <Filter>KamataEngine\Include</Filter>
    </ClInclude>
    <ClInclude Include="C:\KamataEngine\DirectXGame\2d\DebugText.h">
      <Filter>KamataEngine\Include</Filter>
    </ClInclude>
    <ClInclude Include="C:\KamataEngine\DirectXGame\base\DirectXCommon.h">
      <Filter>KamataEngine\Include</Filter>
    </ClInclude>
    <ClInclude Include="C:\KamataEngine\DirectXGame\scene\GameScene.h">
      <Filter>KamataEngine\Include</Filter>
    </ClInclude>
    <ClInclude Include="C:\KamataEngine\DirectXGame\input\Input.h">
      <Filter>KamataEngine\Include</Filter>
    </ClInclude>
    <ClInclude Include="C:\KamataEngine\DirectXGame\3d\Model.h">
      <Filter>KamataEngine\Include</Filter>
    </ClInclude>
    <ClInclude Include="C:\KamataEngine\DirectXGame\base\SafeDelete.h">
      <Filter>KamataEngine\Include</Filter>
    </ClInclude>
    <ClInclude Include="C:\KamataEngine\DirectXGame\2d\Sprite.h">
      <Filter>KamataEngine\Include</Filter>
    </ClInclude>
    <ClInclude Include="C:\KamataEngine\DirectXGame\base\TextureManager.h">
      <Filter>KamataEngine\Include</Filter>
    </ClInclude>
    <ClInclude Include="C:\KamataEngine\DirectXGame\3d\ViewProjection.h">
      <Filter>KamataEngine\Include</Filter>
    </ClInclude>
    <ClInclude Include="C:\KamataEngine\DirectXGame\base\WinApp.h">
      <Filter>KamataEngine\Include</Filter>
    </ClInclude>
    <ClInclude Include="C:\KamataEngine\DirectXGame\3d\WorldTransform.h">
      <Filter>KamataEngine\Include</Filter>
    </ClInclude>
    <ClInclude Include="C:\KamataEngine\Adapter\Novice.h">
      <Filter>KamataEngine\Adapter</Filter>
    </ClInclude>
    <ClInclude Include="C:\KamataEngine\DirectXGame\3d\CircleShadow.h">
      <Filter>KamataEngine\Include</Filter>
    </ClInclude>
    <ClInclude Include="C:\KamataEngine\DirectXGame\3d\DebugCamera.h">
      <Filter>KamataEngine\Include</Filter>
    </ClInclude>
    <ClInclude Include="C:\KamataEngine\DirectXGame\3d\DirectionalLight.h">
      <Filter>KamataEngine\Include</Filter>
    </ClInclude>
    <ClInclude Include="C:\KamataEngine\DirectXGame\3d\LightGroup.h">
      <Filter>KamataEngine\Include</Filter>
    </ClInclude>
    <ClInclude Include="C:\KamataEngine\DirectXGame\3d\Material.h">
      <Filter>KamataEngine\Include</Filter>
    </ClInclude>
    <ClInclude Include="C:\KamataEngine\DirectXGame\3d\Mesh.h">
      <Filter>KamataEngine\Include</Filter>
    </ClInclude>
    <ClInclude Include="C:\KamataEngine\DirectXGame\3d\PointLight.h">
      <Filter>KamataEngine\Include</Filter>
    </ClInclude>
    <ClInclude Include="C:\KamataEngine\DirectXGame\3d\SpotLight.h">
      <Filter>KamataEngine\Include</Filter>
    </ClInclude>
    <ClInclude Include="C:\KamataEngine\DirectXGame\math\Matrix4x4.h" />
    <ClInclude Include="C:\KamataEngine\DirectXGame\math\Vector2.h" />
    <ClInclude Include="C:\KamataEngine\DirectXGame\math\Vector4.h" />
    <ClInclude Include="C:\KamataEngine\DirectXGame\2d\ImGuiManager.h" />
    <ClInclude Include="C:\KamataEngine\DirectXGame\base\StringUtility.h">
      <Filter>KamataEngine\Include</Filter>
    </ClInclude>
    <ClInclude Include="Vector3Calculations.h">
      <Filter>Math</Filter>
    </ClInclude>
    <ClInclude Include="MatrixCalculations.h">
      <Filter>Math</Filter>
    </ClInclude>
    <ClInclude Include="Define.h" />
    <ClInclude Include="Triangle.h">
      <Filter>Triangle</Filter>
    </ClInclude>
    <ClInclude Include="Camera.h">
      <Filter>Camera</Filter>
    </ClInclude>
    <ClInclude Include="DrawGrid.h" />
    <ClInclude Include="Shape.h">
      <Filter>Line</Filter>
    </ClInclude>
    <ClInclude Include="Sphere.h">
      <Filter>Sphere</Filter>
    </ClInclude>
    <ClInclude Include="Collision.h">
      <Filter>Collision</Filter>
    </ClInclude>
    <ClInclude Include="resource.h" />
    <ClInclude Include="Plane.h">
      <Filter>Plane</Filter>
    </ClInclude>
    <ClInclude Include="Point.h">
      <Filter>Point</Filter>
    </ClInclude>
    <ClInclude Include="Box.h">
      <Filter>Box</Filter>
    </ClInclude>
    <ClInclude Include="AABB.h">
      <Filter>Box</Filter>
    </ClInclude>
    <ClInclude Include="OBB.h">
      <Filter>Box</Filter>
    </ClInclude>
    <ClInclude Include="OBBbox.h">
      <Filter>Box</Filter>
    </ClInclude>
    <ClInclude Include="Lerp.h">
      <Filter>Math</Filter>
    </ClInclude>
    <ClInclude Include="Bezier.h">
      <Filter>Bezier</Filter>
    </ClInclude>
    <ClInclude Include="Arm.h" />
    <ClInclude Include="Draw.h" />
    <ClInclude Include="Matrix4x4Operator.h" />
    <ClInclude Include="Vector3Operator.h" />
    <ClInclude Include="Spring.h">
      <Filter>Spring</Filter>
    </ClInclude>
    <ClInclude Include="Ball.h" />
    <ClInclude Include="SpringClass.h" />
  </ItemGroup>
  <ItemGroup>
    <ResourceCompile Include="MT3.rc" />
  </ItemGroup>
</Project>